
Microsoft Visual Studio Solution File, Format Version 12.00
# Visual Studio Version 16
VisualStudioVersion = 16.0.29324.140
MinimumVisualStudioVersion = 10.0.40219.1
Project("{FAE04EC0-301F-11D3-BF4B-00C04F79EFBC}") = "first_homework_repeat", "first_homework_repeat.csproj", "{EAB097BA-01BF-4D58-B7BA-8850BB0F5121}"
EndProject
Global
	GlobalSection(SolutionConfigurationPlatforms) = preSolution
		Debug|Any CPU = Debug|Any CPU
		Release|Any CPU = Release|Any CPU
	EndGlobalSection
	GlobalSection(ProjectConfigurationPlatforms) = postSolution
		{EAB097BA-01BF-4D58-B7BA-8850BB0F5121}.Debug|Any CPU.ActiveCfg = Debug|Any CPU
		{EAB097BA-01BF-4D58-B7BA-8850BB0F5121}.Debug|Any CPU.Build.0 = Debug|Any CPU
		{EAB097BA-01BF-4D58-B7BA-8850BB0F5121}.Release|Any CPU.ActiveCfg = Release|Any CPU
		{EAB097BA-01BF-4D58-B7BA-8850BB0F5121}.Release|Any CPU.Build.0 = Release|Any CPU
	EndGlobalSection
	GlobalSection(SolutionProperties) = preSolution
		HideSolutionNode = FALSE
	EndGlobalSection
	GlobalSection(ExtensibilityGlobals) = postSolution
		SolutionGuid = {81602CB8-FAC1-4D58-9143-565079802719}
	EndGlobalSection
EndGlobal
